// !$*UTF8*$!
{
	archiveVersion = 1;
	classes = {
	};
	objectVersion = 46;
	objects = {

/* Begin PBXBuildFile section */
		CF160B1F1C47901A007ADB79 /* NSDataAdditions.m in Sources */ = {isa = PBXBuildFile; fileRef = CF160B1E1C47901A007ADB79 /* NSDataAdditions.m */; };
		CFC0524D1C475403001543D2 /* Cocoa.framework in Frameworks */ = {isa = PBXBuildFile; fileRef = CFC0524C1C475403001543D2 /* Cocoa.framework */; };
		CFC052571C475403001543D2 /* InfoPlist.strings in Resources */ = {isa = PBXBuildFile; fileRef = CFC052551C475403001543D2 /* InfoPlist.strings */; };
		CFC052591C475403001543D2 /* main.m in Sources */ = {isa = PBXBuildFile; fileRef = CFC052581C475403001543D2 /* main.m */; };
		CFC0525D1C475403001543D2 /* Credits.rtf in Resources */ = {isa = PBXBuildFile; fileRef = CFC0525B1C475403001543D2 /* Credits.rtf */; };
		CFC052601C475403001543D2 /* AppDelegate.m in Sources */ = {isa = PBXBuildFile; fileRef = CFC0525F1C475403001543D2 /* AppDelegate.m */; };
		CFC052631C475403001543D2 /* MainMenu.xib in Resources */ = {isa = PBXBuildFile; fileRef = CFC052611C475403001543D2 /* MainMenu.xib */; };
		CFC052651C475403001543D2 /* Images.xcassets in Resources */ = {isa = PBXBuildFile; fileRef = CFC052641C475403001543D2 /* Images.xcassets */; };
		CFC0526C1C475403001543D2 /* XCTest.framework in Frameworks */ = {isa = PBXBuildFile; fileRef = CFC0526B1C475403001543D2 /* XCTest.framework */; };
		CFC0526D1C475403001543D2 /* Cocoa.framework in Frameworks */ = {isa = PBXBuildFile; fileRef = CFC0524C1C475403001543D2 /* Cocoa.framework */; };
		CFC052751C475403001543D2 /* InfoPlist.strings in Resources */ = {isa = PBXBuildFile; fileRef = CFC052731C475403001543D2 /* InfoPlist.strings */; };
		CFC052771C475403001543D2 /* createxmlTests.m in Sources */ = {isa = PBXBuildFile; fileRef = CFC052761C475403001543D2 /* createxmlTests.m */; };
/* End PBXBuildFile section */

/* Begin PBXContainerItemProxy section */
		CFC0526E1C475403001543D2 /* PBXContainerItemProxy */ = {
			isa = PBXContainerItemProxy;
			containerPortal = CFC052411C475403001543D2 /* Project object */;
			proxyType = 1;
			remoteGlobalIDString = CFC052481C475403001543D2;
			remoteInfo = createxml;
		};
/* End PBXContainerItemProxy section */

/* Begin PBXFileReference section */
		CF160B1D1C47901A007ADB79 /* NSDataAdditions.h */ = {isa = PBXFileReference; fileEncoding = 4; lastKnownFileType = sourcecode.c.h; path = NSDataAdditions.h; sourceTree = "<group>"; };
		CF160B1E1C47901A007ADB79 /* NSDataAdditions.m */ = {isa = PBXFileReference; fileEncoding = 4; lastKnownFileType = sourcecode.c.objc; path = NSDataAdditions.m; sourceTree = "<group>"; };
		CFC052491C475403001543D2 /* createxml.app */ = {isa = PBXFileReference; explicitFileType = wrapper.application; includeInIndex = 0; path = createxml.app; sourceTree = BUILT_PRODUCTS_DIR; };
		CFC0524C1C475403001543D2 /* Cocoa.framework */ = {isa = PBXFileReference; lastKnownFileType = wrapper.framework; name = Cocoa.framework; path = System/Library/Frameworks/Cocoa.framework; sourceTree = SDKROOT; };
		CFC0524F1C475403001543D2 /* AppKit.framework */ = {isa = PBXFileReference; lastKnownFileType = wrapper.framework; name = AppKit.framework; path = System/Library/Frameworks/AppKit.framework; sourceTree = SDKROOT; };
		CFC052501C475403001543D2 /* CoreData.framework */ = {isa = PBXFileReference; lastKnownFileType = wrapper.framework; name = CoreData.framework; path = System/Library/Frameworks/CoreData.framework; sourceTree = SDKROOT; };
		CFC052511C475403001543D2 /* Foundation.framework */ = {isa = PBXFileReference; lastKnownFileType = wrapper.framework; name = Foundation.framework; path = System/Library/Frameworks/Foundation.framework; sourceTree = SDKROOT; };
		CFC052541C475403001543D2 /* createxml-Info.plist */ = {isa = PBXFileReference; lastKnownFileType = text.plist.xml; path = "createxml-Info.plist"; sourceTree = "<group>"; };
		CFC052561C475403001543D2 /* en */ = {isa = PBXFileReference; lastKnownFileType = text.plist.strings; name = en; path = en.lproj/InfoPlist.strings; sourceTree = "<group>"; };
		CFC052581C475403001543D2 /* main.m */ = {isa = PBXFileReference; lastKnownFileType = sourcecode.c.objc; path = main.m; sourceTree = "<group>"; };
		CFC0525A1C475403001543D2 /* createxml-Prefix.pch */ = {isa = PBXFileReference; lastKnownFileType = sourcecode.c.h; path = "createxml-Prefix.pch"; sourceTree = "<group>"; };
		CFC0525C1C475403001543D2 /* en */ = {isa = PBXFileReference; lastKnownFileType = text.rtf; name = en; path = en.lproj/Credits.rtf; sourceTree = "<group>"; };
		CFC0525E1C475403001543D2 /* AppDelegate.h */ = {isa = PBXFileReference; lastKnownFileType = sourcecode.c.h; path = AppDelegate.h; sourceTree = "<group>"; };
		CFC0525F1C475403001543D2 /* AppDelegate.m */ = {isa = PBXFileReference; lastKnownFileType = sourcecode.c.objc; path = AppDelegate.m; sourceTree = "<group>"; };
		CFC052621C475403001543D2 /* Base */ = {isa = PBXFileReference; lastKnownFileType = file.xib; name = Base; path = Base.lproj/MainMenu.xib; sourceTree = "<group>"; };
		CFC052641C475403001543D2 /* Images.xcassets */ = {isa = PBXFileReference; lastKnownFileType = folder.assetcatalog; path = Images.xcassets; sourceTree = "<group>"; };
		CFC0526A1C475403001543D2 /* createxmlTests.xctest */ = {isa = PBXFileReference; explicitFileType = wrapper.cfbundle; includeInIndex = 0; path = createxmlTests.xctest; sourceTree = BUILT_PRODUCTS_DIR; };
		CFC0526B1C475403001543D2 /* XCTest.framework */ = {isa = PBXFileReference; lastKnownFileType = wrapper.framework; name = XCTest.framework; path = Library/Frameworks/XCTest.framework; sourceTree = DEVELOPER_DIR; };
		CFC052721C475403001543D2 /* createxmlTests-Info.plist */ = {isa = PBXFileReference; lastKnownFileType = text.plist.xml; path = "createxmlTests-Info.plist"; sourceTree = "<group>"; };
		CFC052741C475403001543D2 /* en */ = {isa = PBXFileReference; lastKnownFileType = text.plist.strings; name = en; path = en.lproj/InfoPlist.strings; sourceTree = "<group>"; };
		CFC052761C475403001543D2 /* createxmlTests.m */ = {isa = PBXFileReference; lastKnownFileType = sourcecode.c.objc; path = createxmlTests.m; sourceTree = "<group>"; };
/* End PBXFileReference section */

/* Begin PBXFrameworksBuildPhase section */
		CFC052461C475403001543D2 /* Frameworks */ = {
			isa = PBXFrameworksBuildPhase;
			buildActionMask = 2147483647;
			files = (
				CFC0524D1C475403001543D2 /* Cocoa.framework in Frameworks */,
			);
			runOnlyForDeploymentPostprocessing = 0;
		};
		CFC052671C475403001543D2 /* Frameworks */ = {
			isa = PBXFrameworksBuildPhase;
			buildActionMask = 2147483647;
			files = (
				CFC0526D1C475403001543D2 /* Cocoa.framework in Frameworks */,
				CFC0526C1C475403001543D2 /* XCTest.framework in Frameworks */,
			);
			runOnlyForDeploymentPostprocessing = 0;
		};
/* End PBXFrameworksBuildPhase section */

/* Begin PBXGroup section */
		CF160B1C1C47901A007ADB79 /* NSData-base64 */ = {
			isa = PBXGroup;
			children = (
				CF160B1D1C47901A007ADB79 /* NSDataAdditions.h */,
				CF160B1E1C47901A007ADB79 /* NSDataAdditions.m */,
			);
			path = "NSData-base64";
			sourceTree = "<group>";
		};
		CFC052401C475403001543D2 = {
			isa = PBXGroup;
			children = (
				CFC052521C475403001543D2 /* createxml */,
				CFC052701C475403001543D2 /* createxmlTests */,
				CFC0524B1C475403001543D2 /* Frameworks */,
				CFC0524A1C475403001543D2 /* Products */,
			);
			sourceTree = "<group>";
		};
		CFC0524A1C475403001543D2 /* Products */ = {
			isa = PBXGroup;
			children = (
				CFC052491C475403001543D2 /* createxml.app */,
				CFC0526A1C475403001543D2 /* createxmlTests.xctest */,
			);
			name = Products;
			sourceTree = "<group>";
		};
		CFC0524B1C475403001543D2 /* Frameworks */ = {
			isa = PBXGroup;
			children = (
				CFC0524C1C475403001543D2 /* Cocoa.framework */,
				CFC0526B1C475403001543D2 /* XCTest.framework */,
				CFC0524E1C475403001543D2 /* Other Frameworks */,
			);
			name = Frameworks;
			sourceTree = "<group>";
		};
		CFC0524E1C475403001543D2 /* Other Frameworks */ = {
			isa = PBXGroup;
			children = (
				CFC0524F1C475403001543D2 /* AppKit.framework */,
				CFC052501C475403001543D2 /* CoreData.framework */,
				CFC052511C475403001543D2 /* Foundation.framework */,
			);
			name = "Other Frameworks";
			sourceTree = "<group>";
		};
		CFC052521C475403001543D2 /* createxml */ = {
			isa = PBXGroup;
			children = (
				CF160B1C1C47901A007ADB79 /* NSData-base64 */,
				CFC0525E1C475403001543D2 /* AppDelegate.h */,
				CFC0525F1C475403001543D2 /* AppDelegate.m */,
				CFC052611C475403001543D2 /* MainMenu.xib */,
				CFC052641C475403001543D2 /* Images.xcassets */,
				CFC052531C475403001543D2 /* Supporting Files */,
			);
			path = createxml;
			sourceTree = "<group>";
		};
		CFC052531C475403001543D2 /* Supporting Files */ = {
			isa = PBXGroup;
			children = (
				CFC052541C475403001543D2 /* createxml-Info.plist */,
				CFC052551C475403001543D2 /* InfoPlist.strings */,
				CFC052581C475403001543D2 /* main.m */,
				CFC0525A1C475403001543D2 /* createxml-Prefix.pch */,
				CFC0525B1C475403001543D2 /* Credits.rtf */,
			);
			name = "Supporting Files";
			sourceTree = "<group>";
		};
		CFC052701C475403001543D2 /* createxmlTests */ = {
			isa = PBXGroup;
			children = (
				CFC052761C475403001543D2 /* createxmlTests.m */,
				CFC052711C475403001543D2 /* Supporting Files */,
			);
			path = createxmlTests;
			sourceTree = "<group>";
		};
		CFC052711C475403001543D2 /* Supporting Files */ = {
			isa = PBXGroup;
			children = (
				CFC052721C475403001543D2 /* createxmlTests-Info.plist */,
				CFC052731C475403001543D2 /* InfoPlist.strings */,
			);
			name = "Supporting Files";
			sourceTree = "<group>";
		};
/* End PBXGroup section */

/* Begin PBXNativeTarget section */
		CFC052481C475403001543D2 /* createxml */ = {
			isa = PBXNativeTarget;
			buildConfigurationList = CFC0527A1C475403001543D2 /* Build configuration list for PBXNativeTarget "createxml" */;
			buildPhases = (
				CFC052451C475403001543D2 /* Sources */,
				CFC052461C475403001543D2 /* Frameworks */,
				CFC052471C475403001543D2 /* Resources */,
			);
			buildRules = (
			);
			dependencies = (
			);
			name = createxml;
			productName = createxml;
			productReference = CFC052491C475403001543D2 /* createxml.app */;
			productType = "com.apple.product-type.application";
		};
		CFC052691C475403001543D2 /* createxmlTests */ = {
			isa = PBXNativeTarget;
			buildConfigurationList = CFC0527D1C475403001543D2 /* Build configuration list for PBXNativeTarget "createxmlTests" */;
			buildPhases = (
				CFC052661C475403001543D2 /* Sources */,
				CFC052671C475403001543D2 /* Frameworks */,
				CFC052681C475403001543D2 /* Resources */,
			);
			buildRules = (
			);
			dependencies = (
				CFC0526F1C475403001543D2 /* PBXTargetDependency */,
			);
			name = createxmlTests;
			productName = createxmlTests;
			productReference = CFC0526A1C475403001543D2 /* createxmlTests.xctest */;
			productType = "com.apple.product-type.bundle.unit-test";
		};
/* End PBXNativeTarget section */

/* Begin PBXProject section */
		CFC052411C475403001543D2 /* Project object */ = {
			isa = PBXProject;
			attributes = {
				LastUpgradeCheck = 0510;
				ORGANIZATIONNAME = "___FULLUSERNAME___";
				TargetAttributes = {
					CFC052691C475403001543D2 = {
						TestTargetID = CFC052481C475403001543D2;
					};
				};
			};
			buildConfigurationList = CFC052441C475403001543D2 /* Build configuration list for PBXProject "createxml" */;
			compatibilityVersion = "Xcode 3.2";
			developmentRegion = English;
			hasScannedForEncodings = 0;
			knownRegions = (
				en,
				Base,
			);
			mainGroup = CFC052401C475403001543D2;
			productRefGroup = CFC0524A1C475403001543D2 /* Products */;
			projectDirPath = "";
			projectRoot = "";
			targets = (
				CFC052481C475403001543D2 /* createxml */,
				CFC052691C475403001543D2 /* createxmlTests */,
			);
		};
/* End PBXProject section */

/* Begin PBXResourcesBuildPhase section */
		CFC052471C475403001543D2 /* Resources */ = {
			isa = PBXResourcesBuildPhase;
			buildActionMask = 2147483647;
			files = (
				CFC052571C475403001543D2 /* InfoPlist.strings in Resources */,
				CFC052651C475403001543D2 /* Images.xcassets in Resources */,
				CFC0525D1C475403001543D2 /* Credits.rtf in Resources */,
				CFC052631C475403001543D2 /* MainMenu.xib in Resources */,
			);
			runOnlyForDeploymentPostprocessing = 0;
		};
		CFC052681C475403001543D2 /* Resources */ = {
			isa = PBXResourcesBuildPhase;
			buildActionMask = 2147483647;
			files = (
				CFC052751C475403001543D2 /* InfoPlist.strings in Resources */,
			);
			runOnlyForDeploymentPostprocessing = 0;
		};
/* End PBXResourcesBuildPhase section */

/* Begin PBXSourcesBuildPhase section */
		CFC052451C475403001543D2 /* Sources */ = {
			isa = PBXSourcesBuildPhase;
			buildActionMask = 2147483647;
			files = (
				CF160B1F1C47901A007ADB79 /* NSDataAdditions.m in Sources */,
				CFC052601C475403001543D2 /* AppDelegate.m in Sources */,
				CFC052591C475403001543D2 /* main.m in Sources */,
			);
			runOnlyForDeploymentPostprocessing = 0;
		};
		CFC052661C475403001543D2 /* Sources */ = {
			isa = PBXSourcesBuildPhase;
			buildActionMask = 2147483647;
			files = (
				CFC052771C475403001543D2 /* createxmlTests.m in Sources */,
			);
			runOnlyForDeploymentPostprocessing = 0;
		};
/* End PBXSourcesBuildPhase section */

/* Begin PBXTargetDependency section */
		CFC0526F1C475403001543D2 /* PBXTargetDependency */ = {
			isa = PBXTargetDependency;
			target = CFC052481C475403001543D2 /* createxml */;
			targetProxy = CFC0526E1C475403001543D2 /* PBXContainerItemProxy */;
		};
/* End PBXTargetDependency section */

/* Begin PBXVariantGroup section */
		CFC052551C475403001543D2 /* InfoPlist.strings */ = {
			isa = PBXVariantGroup;
			children = (
				CFC052561C475403001543D2 /* en */,
			);
			name = InfoPlist.strings;
			sourceTree = "<group>";
		};
		CFC0525B1C475403001543D2 /* Credits.rtf */ = {
			isa = PBXVariantGroup;
			children = (
				CFC0525C1C475403001543D2 /* en */,
			);
			name = Credits.rtf;
			sourceTree = "<group>";
		};
		CFC052611C475403001543D2 /* MainMenu.xib */ = {
			isa = PBXVariantGroup;
			children = (
				CFC052621C475403001543D2 /* Base */,
			);
			name = MainMenu.xib;
			sourceTree = "<group>";
		};
		CFC052731C475403001543D2 /* InfoPlist.strings */ = {
			isa = PBXVariantGroup;
			children = (
				CFC052741C475403001543D2 /* en */,
			);
			name = InfoPlist.strings;
			sourceTree = "<group>";
		};
/* End PBXVariantGroup section */

/* Begin XCBuildConfiguration section */
		CFC052781C475403001543D2 /* Debug */ = {
			isa = XCBuildConfiguration;
			buildSettings = {
				ALWAYS_SEARCH_USER_PATHS = NO;
				CLANG_CXX_LANGUAGE_STANDARD = "gnu++0x";
				CLANG_CXX_LIBRARY = "libc++";
				CLANG_ENABLE_MODULES = YES;
				CLANG_ENABLE_OBJC_ARC = YES;
				CLANG_WARN_BOOL_CONVERSION = YES;
				CLANG_WARN_CONSTANT_CONVERSION = YES;
				CLANG_WARN_DIRECT_OBJC_ISA_USAGE = YES_ERROR;
				CLANG_WARN_EMPTY_BODY = YES;
				CLANG_WARN_ENUM_CONVERSION = YES;
				CLANG_WARN_INT_CONVERSION = YES;
				CLANG_WARN_OBJC_ROOT_CLASS = YES_ERROR;
				CLANG_WARN__DUPLICATE_METHOD_MATCH = YES;
				COPY_PHASE_STRIP = NO;
				GCC_C_LANGUAGE_STANDARD = gnu99;
				GCC_DYNAMIC_NO_PIC = NO;
				GCC_ENABLE_OBJC_EXCEPTIONS = YES;
				GCC_OPTIMIZATION_LEVEL = 0;
				GCC_PREPROCESSOR_DEFINITIONS = (
					"DEBUG=1",
					"$(inherited)",
				);
				GCC_SYMBOLS_PRIVATE_EXTERN = NO;
				GCC_WARN_64_TO_32_BIT_CONVERSION = YES;
				GCC_WARN_ABOUT_RETURN_TYPE = YES_ERROR;
				GCC_WARN_UNDECLARED_SELECTOR = YES;
				GCC_WARN_UNINITIALIZED_AUTOS = YES_AGGRESSIVE;
				GCC_WARN_UNUSED_FUNCTION = YES;
				GCC_WARN_UNUSED_VARIABLE = YES;
				MACOSX_DEPLOYMENT_TARGET = 10.7;
				ONLY_ACTIVE_ARCH = YES;
				SDKROOT = macosx;
			};
			name = Debug;
		};
		CFC052791C475403001543D2 /* Release */ = {
			isa = XCBuildConfiguration;
			buildSettings = {
				ALWAYS_SEARCH_USER_PATHS = NO;
				CLANG_CXX_LANGUAGE_STANDARD = "gnu++0x";
				CLANG_CXX_LIBRARY = "libc++";
				CLANG_ENABLE_MODULES = YES;
				CLANG_ENABLE_OBJC_ARC = YES;
				CLANG_WARN_BOOL_CONVERSION = YES;
				CLANG_WARN_CONSTANT_CONVERSION = YES;
				CLANG_WARN_DIRECT_OBJC_ISA_USAGE = YES_ERROR;
				CLANG_WARN_EMPTY_BODY = YES;
				CLANG_WARN_ENUM_CONVERSION = YES;
				CLANG_WARN_INT_CONVERSION = YES;
				CLANG_WARN_OBJC_ROOT_CLASS = YES_ERROR;
				CLANG_WARN__DUPLICATE_METHOD_MATCH = YES;
				COPY_PHASE_STRIP = YES;
				DEBUG_INFORMATION_FORMAT = "dwarf-with-dsym";
				ENABLE_NS_ASSERTIONS = NO;
				GCC_C_LANGUAGE_STANDARD = gnu99;
				GCC_ENABLE_OBJC_EXCEPTIONS = YES;
				GCC_WARN_64_TO_32_BIT_CONVERSION = YES;
				GCC_WARN_ABOUT_RETURN_TYPE = YES_ERROR;
				GCC_WARN_UNDECLARED_SELECTOR = YES;
				GCC_WARN_UNINITIALIZED_AUTOS = YES_AGGRESSIVE;
				GCC_WARN_UNUSED_FUNCTION = YES;
				GCC_WARN_UNUSED_VARIABLE = YES;
				MACOSX_DEPLOYMENT_TARGET = 10.7;
				SDKROOT = macosx;
			};
			name = Release;
		};
		CFC0527B1C475403001543D2 /* Debug */ = {
			isa = XCBuildConfiguration;
			buildSettings = {
				ASSETCATALOG_COMPILER_APPICON_NAME = AppIcon;
				CLANG_ENABLE_OBJC_ARC = NO;
				COMBINE_HIDPI_IMAGES = YES;
				GCC_PRECOMPILE_PREFIX_HEADER = YES;
				GCC_PREFIX_HEADER = "createxml/createxml-Prefix.pch";
				INFOPLIST_FILE = "createxml/createxml-Info.plist";
				PRODUCT_NAME = "$(TARGET_NAME)";
				WRAPPER_EXTENSION = app;
			};
			name = Debug;
		};
		CFC0527C1C475403001543D2 /* Release */ = {
			isa = XCBuildConfiguration;
			buildSettings = {
				ASSETCATALOG_COMPILER_APPICON_NAME = AppIcon;
				CLANG_ENABLE_OBJC_ARC = NO;
				COMBINE_HIDPI_IMAGES = YES;
				GCC_PRECOMPILE_PREFIX_HEADER = YES;
				GCC_PREFIX_HEADER = "createxml/createxml-Prefix.pch";
				INFOPLIST_FILE = "createxml/createxml-Info.plist";
				PRODUCT_NAME = "$(TARGET_NAME)";
				WRAPPER_EXTENSION = app;
			};
			name = Release;
		};
		CFC0527E1C475403001543D2 /* Debug */ = {
			isa = XCBuildConfiguration;
			buildSettings = {
				BUNDLE_LOADER = "$(BUILT_PRODUCTS_DIR)/createxml.app/Contents/MacOS/createxml";
				COMBINE_HIDPI_IMAGES = YES;
				FRAMEWORK_SEARCH_PATHS = (
					"$(DEVELOPER_FRAMEWORKS_DIR)",
					"$(inherited)",
				);
				GCC_PRECOMPILE_PREFIX_HEADER = YES;
				GCC_PREFIX_HEADER = "createxml/createxml-Prefix.pch";
				GCC_PREPROCESSOR_DEFINITIONS = (
					"DEBUG=1",
					"$(inherited)",
				);
				INFOPLIST_FILE = "createxmlTests/createxmlTests-Info.plist";
				PRODUCT_NAME = "$(TARGET_NAME)";
				TEST_HOST = "$(BUNDLE_LOADER)";
				WRAPPER_EXTENSION = xctest;
			};
			name = Debug;
		};
		CFC0527F1C475403001543D2 /* Release */ = {
			isa = XCBuildConfiguration;
			buildSettings = {
				BUNDLE_LOADER = "$(BUILT_PRODUCTS_DIR)/createxml.app/Contents/MacOS/createxml";
				COMBINE_HIDPI_IMAGES = YES;
				FRAMEWORK_SEARCH_PATHS = (
					"$(DEVELOPER_FRAMEWORKS_DIR)",
					"$(inherited)",
				);
				GCC_PRECOMPILE_PREFIX_HEADER = YES;
				GCC_PREFIX_HEADER = "createxml/createxml-Prefix.pch";
				INFOPLIST_FILE = "createxmlTests/createxmlTests-Info.plist";
				PRODUCT_NAME = "$(TARGET_NAME)";
				TEST_HOST = "$(BUNDLE_LOADER)";
				WRAPPER_EXTENSION = xctest;
			};
			name = Release;
		};
/* End XCBuildConfiguration section */

/* Begin XCConfigurationList section */
		CFC052441C475403001543D2 /* Build configuration list for PBXProject "createxml" */ = {
			isa = XCConfigurationList;
			buildConfigurations = (
				CFC052781C475403001543D2 /* Debug */,
				CFC052791C475403001543D2 /* Release */,
			);
			defaultConfigurationIsVisible = 0;
			defaultConfigurationName = Release;
		};
		CFC0527A1C475403001543D2 /* Build configuration list for PBXNativeTarget "createxml" */ = {
			isa = XCConfigurationList;
			buildConfigurations = (
				CFC0527B1C475403001543D2 /* Debug */,
				CFC0527C1C475403001543D2 /* Release */,
			);
			defaultConfigurationIsVisible = 0;
			defaultConfigurationName = Release;
		};
		CFC0527D1C475403001543D2 /* Build configuration list for PBXNativeTarget "createxmlTests" */ = {
			isa = XCConfigurationList;
			buildConfigurations = (
				CFC0527E1C475403001543D2 /* Debug */,
				CFC0527F1C475403001543D2 /* Release */,
			);
			defaultConfigurationIsVisible = 0;
			defaultConfigurationName = Release;
		};
/* End XCConfigurationList section */
	};
	rootObject = CFC052411C475403001543D2 /* Project object */;
}
